


- delegate_to: "{{ xtoph_ocp4.bastion.host_fqdn }}"
  run_once: true
  block:



      - name: "xtoph_ocp4: config-bastion-ocp-unlock : remove lock ({{ workshop_extras.ocp_creds_dir }}/xtoph_ocp4_deployment.lock)"
        file:
          path:  "{{ xtoph_ocp4.ocp.creds_dir }}/xtoph_ocp4_deployment.lock"
          state: absent

